
Microsoft Visual Studio Solution File, Format Version 12.00
# Visual Studio Version 17
VisualStudioVersion = 17.0.32126.317
MinimumVisualStudioVersion = 10.0.40219.1
Project("{FAE04EC0-301F-11D3-BF4B-00C04F79EFBC}") = "BlazorBitcoinApp", "BlazorBitcoinApp\BlazorBitcoinApp.csproj", "{8538184A-EB64-499C-97E6-5232E8011E0B}"
EndProject
Global
	GlobalSection(SolutionConfigurationPlatforms) = preSolution
		Debug|Any CPU = Debug|Any CPU
		Release|Any CPU = Release|Any CPU
	EndGlobalSection
	GlobalSection(ProjectConfigurationPlatforms) = postSolution
		{8538184A-EB64-499C-97E6-5232E8011E0B}.Debug|Any CPU.ActiveCfg = Debug|Any CPU
		{8538184A-EB64-499C-97E6-5232E8011E0B}.Debug|Any CPU.Build.0 = Debug|Any CPU
		{8538184A-EB64-499C-97E6-5232E8011E0B}.Release|Any CPU.ActiveCfg = Release|Any CPU
		{8538184A-EB64-499C-97E6-5232E8011E0B}.Release|Any CPU.Build.0 = Release|Any CPU
	EndGlobalSection
	GlobalSection(SolutionProperties) = preSolution
		HideSolutionNode = FALSE
	EndGlobalSection
	GlobalSection(ExtensibilityGlobals) = postSolution
		SolutionGuid = {AA47A7B8-CCD8-4F1B-93E0-BDDF29305478}
	EndGlobalSection
EndGlobal
